
Microsoft Visual Studio Solution File, Format Version 12.00
# Visual Studio 15
VisualStudioVersion = 15.0.26124.0
MinimumVisualStudioVersion = 15.0.26124.0
Project("{FAE04EC0-301F-11D3-BF4B-00C04F79EFBC}") = "Ui", "Ui\Ui.csproj", "{825E50C8-3D92-46F3-B9F2-1FB04FDBCA3C}"
EndProject
Project("{FAE04EC0-301F-11D3-BF4B-00C04F79EFBC}") = "Api", "Api\Api.csproj", "{1730C9E4-D04B-4FA0-934A-3EB0F78D3857}"
EndProject
Project("{FAE04EC0-301F-11D3-BF4B-00C04F79EFBC}") = "Ui.Tests", "Ui.Tests\Ui.Tests.csproj", "{5CBBB591-25FB-449C-828E-F030CD9B147B}"
EndProject
Global
	GlobalSection(SolutionConfigurationPlatforms) = preSolution
		Debug|Any CPU = Debug|Any CPU
		Debug|x64 = Debug|x64
		Debug|x86 = Debug|x86
		Release|Any CPU = Release|Any CPU
		Release|x64 = Release|x64
		Release|x86 = Release|x86
	EndGlobalSection
	GlobalSection(SolutionProperties) = preSolution
		HideSolutionNode = FALSE
	EndGlobalSection
	GlobalSection(ProjectConfigurationPlatforms) = postSolution
		{825E50C8-3D92-46F3-B9F2-1FB04FDBCA3C}.Debug|Any CPU.ActiveCfg = Debug|Any CPU
		{825E50C8-3D92-46F3-B9F2-1FB04FDBCA3C}.Debug|Any CPU.Build.0 = Debug|Any CPU
		{825E50C8-3D92-46F3-B9F2-1FB04FDBCA3C}.Debug|x64.ActiveCfg = Debug|Any CPU
		{825E50C8-3D92-46F3-B9F2-1FB04FDBCA3C}.Debug|x64.Build.0 = Debug|Any CPU
		{825E50C8-3D92-46F3-B9F2-1FB04FDBCA3C}.Debug|x86.ActiveCfg = Debug|Any CPU
		{825E50C8-3D92-46F3-B9F2-1FB04FDBCA3C}.Debug|x86.Build.0 = Debug|Any CPU
		{825E50C8-3D92-46F3-B9F2-1FB04FDBCA3C}.Release|Any CPU.ActiveCfg = Release|Any CPU
		{825E50C8-3D92-46F3-B9F2-1FB04FDBCA3C}.Release|Any CPU.Build.0 = Release|Any CPU
		{825E50C8-3D92-46F3-B9F2-1FB04FDBCA3C}.Release|x64.ActiveCfg = Release|Any CPU
		{825E50C8-3D92-46F3-B9F2-1FB04FDBCA3C}.Release|x64.Build.0 = Release|Any CPU
		{825E50C8-3D92-46F3-B9F2-1FB04FDBCA3C}.Release|x86.ActiveCfg = Release|Any CPU
		{825E50C8-3D92-46F3-B9F2-1FB04FDBCA3C}.Release|x86.Build.0 = Release|Any CPU
		{1730C9E4-D04B-4FA0-934A-3EB0F78D3857}.Debug|Any CPU.ActiveCfg = Debug|Any CPU
		{1730C9E4-D04B-4FA0-934A-3EB0F78D3857}.Debug|Any CPU.Build.0 = Debug|Any CPU
		{1730C9E4-D04B-4FA0-934A-3EB0F78D3857}.Debug|x64.ActiveCfg = Debug|Any CPU
		{1730C9E4-D04B-4FA0-934A-3EB0F78D3857}.Debug|x64.Build.0 = Debug|Any CPU
		{1730C9E4-D04B-4FA0-934A-3EB0F78D3857}.Debug|x86.ActiveCfg = Debug|Any CPU
		{1730C9E4-D04B-4FA0-934A-3EB0F78D3857}.Debug|x86.Build.0 = Debug|Any CPU
		{1730C9E4-D04B-4FA0-934A-3EB0F78D3857}.Release|Any CPU.ActiveCfg = Release|Any CPU
		{1730C9E4-D04B-4FA0-934A-3EB0F78D3857}.Release|Any CPU.Build.0 = Release|Any CPU
		{1730C9E4-D04B-4FA0-934A-3EB0F78D3857}.Release|x64.ActiveCfg = Release|Any CPU
		{1730C9E4-D04B-4FA0-934A-3EB0F78D3857}.Release|x64.Build.0 = Release|Any CPU
		{1730C9E4-D04B-4FA0-934A-3EB0F78D3857}.Release|x86.ActiveCfg = Release|Any CPU
		{1730C9E4-D04B-4FA0-934A-3EB0F78D3857}.Release|x86.Build.0 = Release|Any CPU
		{5CBBB591-25FB-449C-828E-F030CD9B147B}.Debug|Any CPU.ActiveCfg = Debug|Any CPU
		{5CBBB591-25FB-449C-828E-F030CD9B147B}.Debug|Any CPU.Build.0 = Debug|Any CPU
		{5CBBB591-25FB-449C-828E-F030CD9B147B}.Debug|x64.ActiveCfg = Debug|Any CPU
		{5CBBB591-25FB-449C-828E-F030CD9B147B}.Debug|x64.Build.0 = Debug|Any CPU
		{5CBBB591-25FB-449C-828E-F030CD9B147B}.Debug|x86.ActiveCfg = Debug|Any CPU
		{5CBBB591-25FB-449C-828E-F030CD9B147B}.Debug|x86.Build.0 = Debug|Any CPU
		{5CBBB591-25FB-449C-828E-F030CD9B147B}.Release|Any CPU.ActiveCfg = Release|Any CPU
		{5CBBB591-25FB-449C-828E-F030CD9B147B}.Release|Any CPU.Build.0 = Release|Any CPU
		{5CBBB591-25FB-449C-828E-F030CD9B147B}.Release|x64.ActiveCfg = Release|Any CPU
		{5CBBB591-25FB-449C-828E-F030CD9B147B}.Release|x64.Build.0 = Release|Any CPU
		{5CBBB591-25FB-449C-828E-F030CD9B147B}.Release|x86.ActiveCfg = Release|Any CPU
		{5CBBB591-25FB-449C-828E-F030CD9B147B}.Release|x86.Build.0 = Release|Any CPU
	EndGlobalSection
EndGlobal
